
Microsoft Visual Studio Solution File, Format Version 12.00
# Visual Studio Version 17
VisualStudioVersion = 17.0.31903.59
MinimumVisualStudioVersion = 10.0.40219.1
Project("{2150E333-8FDC-42A3-9474-1A3956D46DE8}") = "src", "src", "{8A334F6A-3C6E-499C-9D15-932481E8DB58}"
EndProject
Project("{FAE04EC0-301F-11D3-BF4B-00C04F79EFBC}") = "Lib.Training", "src\Lib.Training\Lib.Training.csproj", "{36D8A3BB-597E-41AE-A393-5477AE1A5135}"
EndProject
Project("{2150E333-8FDC-42A3-9474-1A3956D46DE8}") = "tests", "tests", "{AEAC5CFE-16CD-472C-B8B0-6606048B8CCC}"
EndProject
Project("{FAE04EC0-301F-11D3-BF4B-00C04F79EFBC}") = "Lib.Training.Tests", "tests\Lib.Training.Tests\Lib.Training.Tests.csproj", "{90026E2F-DE3E-449C-B125-3A8BD964E335}"
EndProject
Global
	GlobalSection(SolutionConfigurationPlatforms) = preSolution
		Debug|Any CPU = Debug|Any CPU
		Release|Any CPU = Release|Any CPU
	EndGlobalSection
	GlobalSection(SolutionProperties) = preSolution
		HideSolutionNode = FALSE
	EndGlobalSection
	GlobalSection(ProjectConfigurationPlatforms) = postSolution
		{36D8A3BB-597E-41AE-A393-5477AE1A5135}.Debug|Any CPU.ActiveCfg = Debug|Any CPU
		{36D8A3BB-597E-41AE-A393-5477AE1A5135}.Debug|Any CPU.Build.0 = Debug|Any CPU
		{36D8A3BB-597E-41AE-A393-5477AE1A5135}.Release|Any CPU.ActiveCfg = Release|Any CPU
		{36D8A3BB-597E-41AE-A393-5477AE1A5135}.Release|Any CPU.Build.0 = Release|Any CPU
		{90026E2F-DE3E-449C-B125-3A8BD964E335}.Debug|Any CPU.ActiveCfg = Debug|Any CPU
		{90026E2F-DE3E-449C-B125-3A8BD964E335}.Debug|Any CPU.Build.0 = Debug|Any CPU
		{90026E2F-DE3E-449C-B125-3A8BD964E335}.Release|Any CPU.ActiveCfg = Release|Any CPU
		{90026E2F-DE3E-449C-B125-3A8BD964E335}.Release|Any CPU.Build.0 = Release|Any CPU
	EndGlobalSection
	GlobalSection(NestedProjects) = preSolution
		{36D8A3BB-597E-41AE-A393-5477AE1A5135} = {8A334F6A-3C6E-499C-9D15-932481E8DB58}
		{90026E2F-DE3E-449C-B125-3A8BD964E335} = {AEAC5CFE-16CD-472C-B8B0-6606048B8CCC}
	EndGlobalSection
EndGlobal
